
Microsoft Visual Studio Solution File, Format Version 12.00
# Visual Studio Version 17
VisualStudioVersion = 17.14.36414.22 d17.14
MinimumVisualStudioVersion = 10.0.40219.1
Project("{888888A0-9F3D-457C-B088-3A5042F75D52}") = "practice0419_backend", "practice0419_backend.pyproj", "{7AD4DDBE-E7C5-475E-8C8A-6653195FB819}"
EndProject
Global
	GlobalSection(SolutionConfigurationPlatforms) = preSolution
		Debug|Any CPU = Debug|Any CPU
		Release|Any CPU = Release|Any CPU
	EndGlobalSection
	GlobalSection(ProjectConfigurationPlatforms) = postSolution
		{7AD4DDBE-E7C5-475E-8C8A-6653195FB819}.Debug|Any CPU.ActiveCfg = Debug|Any CPU
		{7AD4DDBE-E7C5-475E-8C8A-6653195FB819}.Debug|Any CPU.Build.0 = Debug|Any CPU
		{7AD4DDBE-E7C5-475E-8C8A-6653195FB819}.Release|Any CPU.ActiveCfg = Release|Any CPU
		{7AD4DDBE-E7C5-475E-8C8A-6653195FB819}.Release|Any CPU.Build.0 = Release|Any CPU
	EndGlobalSection
	GlobalSection(SolutionProperties) = preSolution
		HideSolutionNode = FALSE
	EndGlobalSection
	GlobalSection(ExtensibilityGlobals) = postSolution
		SolutionGuid = {E8DC36E8-9C7A-4582-8136-90F806559117}
	EndGlobalSection
EndGlobal
